
Microsoft Visual Studio Solution File, Format Version 12.00
# Visual Studio Version 16
VisualStudioVersion = 16.0.29613.14
MinimumVisualStudioVersion = 10.0.40219.1
Project("{FAE04EC0-301F-11D3-BF4B-00C04F79EFBC}") = "insa", "insa\insa.csproj", "{2BBB7069-301F-42DC-9DC8-7F485E4F9D2C}"
EndProject
Global
	GlobalSection(SolutionConfigurationPlatforms) = preSolution
		Debug|Any CPU = Debug|Any CPU
		Release|Any CPU = Release|Any CPU
	EndGlobalSection
	GlobalSection(ProjectConfigurationPlatforms) = postSolution
		{2BBB7069-301F-42DC-9DC8-7F485E4F9D2C}.Debug|Any CPU.ActiveCfg = Debug|Any CPU
		{2BBB7069-301F-42DC-9DC8-7F485E4F9D2C}.Debug|Any CPU.Build.0 = Debug|Any CPU
		{2BBB7069-301F-42DC-9DC8-7F485E4F9D2C}.Release|Any CPU.ActiveCfg = Release|Any CPU
		{2BBB7069-301F-42DC-9DC8-7F485E4F9D2C}.Release|Any CPU.Build.0 = Release|Any CPU
	EndGlobalSection
	GlobalSection(SolutionProperties) = preSolution
		HideSolutionNode = FALSE
	EndGlobalSection
	GlobalSection(ExtensibilityGlobals) = postSolution
		SolutionGuid = {14B6CC0C-FB31-45C9-9E0D-88D7E0282883}
	EndGlobalSection
EndGlobal
